
Microsoft Visual Studio Solution File, Format Version 12.00
# Visual Studio 15
VisualStudioVersion = 15.0.28010.2026
MinimumVisualStudioVersion = 10.0.40219.1
Project("{FAE04EC0-301F-11D3-BF4B-00C04F79EFBC}") = "Diary", "Diary\Diary.csproj", "{361E02C7-BDC3-4706-BE61-E5FB63C096D8}"
	ProjectSection(ProjectDependencies) = postProject
		{45F0EF4F-0447-49AB-92CD-127D3379A237} = {45F0EF4F-0447-49AB-92CD-127D3379A237}
	EndProjectSection
EndProject
Project("{FAE04EC0-301F-11D3-BF4B-00C04F79EFBC}") = "DiaryDBLib", "DiaryDBLib\DiaryDBLib.csproj", "{45F0EF4F-0447-49AB-92CD-127D3379A237}"
EndProject
Global
	GlobalSection(SolutionConfigurationPlatforms) = preSolution
		Debug|Any CPU = Debug|Any CPU
		Release|Any CPU = Release|Any CPU
	EndGlobalSection
	GlobalSection(ProjectConfigurationPlatforms) = postSolution
		{361E02C7-BDC3-4706-BE61-E5FB63C096D8}.Debug|Any CPU.ActiveCfg = Debug|Any CPU
		{361E02C7-BDC3-4706-BE61-E5FB63C096D8}.Debug|Any CPU.Build.0 = Debug|Any CPU
		{361E02C7-BDC3-4706-BE61-E5FB63C096D8}.Release|Any CPU.ActiveCfg = Release|Any CPU
		{361E02C7-BDC3-4706-BE61-E5FB63C096D8}.Release|Any CPU.Build.0 = Release|Any CPU
		{45F0EF4F-0447-49AB-92CD-127D3379A237}.Debug|Any CPU.ActiveCfg = Debug|Any CPU
		{45F0EF4F-0447-49AB-92CD-127D3379A237}.Debug|Any CPU.Build.0 = Debug|Any CPU
		{45F0EF4F-0447-49AB-92CD-127D3379A237}.Release|Any CPU.ActiveCfg = Release|Any CPU
		{45F0EF4F-0447-49AB-92CD-127D3379A237}.Release|Any CPU.Build.0 = Release|Any CPU
	EndGlobalSection
	GlobalSection(SolutionProperties) = preSolution
		HideSolutionNode = FALSE
	EndGlobalSection
	GlobalSection(ExtensibilityGlobals) = postSolution
		SolutionGuid = {58131BBB-0C00-4014-A19B-7005CCFF4839}
	EndGlobalSection
EndGlobal
